uuid: 2351265e-130b-42e3-bea8-35b69b791b66
langcode: en
status: false
dependencies:
  content:
    - 'block_content:basic:1a73fcba-3f71-4b40-a0f5-67eaf0e6b8c7'
  module:
    - block_class
    - block_content
  theme:
    - joeyspaw
third_party_settings:
  block_class:
    classes: ''
id: phonenumberblock
theme: joeyspaw
region: sidebar_second
weight: 0
provider: null
plugin: 'block_content:1a73fcba-3f71-4b40-a0f5-67eaf0e6b8c7'
settings:
  id: 'block_content:1a73fcba-3f71-4b40-a0f5-67eaf0e6b8c7'
  label: 'Phone Number Block'
  provider: block_content
  label_display: '0'
  status: true
  info: ''
  view_mode: full
visibility: {  }
