uuid: b1b61e00-dd16-49b4-87f9-d3a23b589ac8
langcode: en
status: false
dependencies:
  content:
    - 'block_content:basic:57aafc11-04cd-45c9-9849-a415029cb740'
  module:
    - block_class
    - block_content
  theme:
    - joeyspaw
third_party_settings:
  block_class:
    classes: ''
id: addressblock
theme: joeyspaw
region: sidebar_second
weight: 0
provider: null
plugin: 'block_content:57aafc11-04cd-45c9-9849-a415029cb740'
settings:
  id: 'block_content:57aafc11-04cd-45c9-9849-a415029cb740'
  label: 'Address Block'
  provider: block_content
  label_display: '0'
  status: true
  info: ''
  view_mode: full
visibility: {  }
